
Microsoft Visual Studio Solution File, Format Version 12.00
# Visual Studio Version 17
VisualStudioVersion = 17.2.32519.379
MinimumVisualStudioVersion = 10.0.40219.1
Project("{9A19103F-16F7-4668-BE54-9A1E7A4F7556}") = "App.Models", "App.Models\App.Models.csproj", "{79782770-2303-49BD-A21B-70B657261A5F}"
EndProject
Project("{9A19103F-16F7-4668-BE54-9A1E7A4F7556}") = "NumberManagmentAPI", "NumberManagmentAPI\NumberManagmentAPI.csproj", "{C410E397-3F87-4739-9317-AE04FCC42F78}"
EndProject
Project("{FAE04EC0-301F-11D3-BF4B-00C04F79EFBC}") = "App.Tests", "App.Tests\App.Tests.csproj", "{24B2259D-7E4B-47F4-99D1-6457A4C0131B}"
EndProject
Global
	GlobalSection(SolutionConfigurationPlatforms) = preSolution
		Debug|Any CPU = Debug|Any CPU
		Release|Any CPU = Release|Any CPU
	EndGlobalSection
	GlobalSection(ProjectConfigurationPlatforms) = postSolution
		{79782770-2303-49BD-A21B-70B657261A5F}.Debug|Any CPU.ActiveCfg = Debug|Any CPU
		{79782770-2303-49BD-A21B-70B657261A5F}.Debug|Any CPU.Build.0 = Debug|Any CPU
		{79782770-2303-49BD-A21B-70B657261A5F}.Release|Any CPU.ActiveCfg = Release|Any CPU
		{79782770-2303-49BD-A21B-70B657261A5F}.Release|Any CPU.Build.0 = Release|Any CPU
		{C410E397-3F87-4739-9317-AE04FCC42F78}.Debug|Any CPU.ActiveCfg = Debug|Any CPU
		{C410E397-3F87-4739-9317-AE04FCC42F78}.Debug|Any CPU.Build.0 = Debug|Any CPU
		{C410E397-3F87-4739-9317-AE04FCC42F78}.Release|Any CPU.ActiveCfg = Release|Any CPU
		{C410E397-3F87-4739-9317-AE04FCC42F78}.Release|Any CPU.Build.0 = Release|Any CPU
		{24B2259D-7E4B-47F4-99D1-6457A4C0131B}.Debug|Any CPU.ActiveCfg = Debug|Any CPU
		{24B2259D-7E4B-47F4-99D1-6457A4C0131B}.Debug|Any CPU.Build.0 = Debug|Any CPU
		{24B2259D-7E4B-47F4-99D1-6457A4C0131B}.Release|Any CPU.ActiveCfg = Release|Any CPU
		{24B2259D-7E4B-47F4-99D1-6457A4C0131B}.Release|Any CPU.Build.0 = Release|Any CPU
	EndGlobalSection
	GlobalSection(SolutionProperties) = preSolution
		HideSolutionNode = FALSE
	EndGlobalSection
	GlobalSection(ExtensibilityGlobals) = postSolution
		SolutionGuid = {C5D9C8D9-0F22-49FB-B97D-1746FF3BA751}
	EndGlobalSection
EndGlobal
